
Microsoft Visual Studio Solution File, Format Version 10.00
# Visual C++ Express 2008
Project("{8BC9CEB8-8B4A-11D0-8D11-00A0C91BC942}") = "CKinoko", "CKinoko\CKinoko.vcproj", "{FE47C38A-6C20-41AD-914A-6B9E81DE0D78}"
EndProject
Project("{8BC9CEB8-8B4A-11D0-8D11-00A0C91BC942}") = "CKinoko.Example", "CKinoko.Example\CKinoko.Example.vcproj", "{3EA4B4F1-9515-4CD1-B792-29BDCDA54D2E}"
EndProject
Global
	GlobalSection(SolutionConfigurationPlatforms) = preSolution
		Debug|Win32 = Debug|Win32
		Release|Win32 = Release|Win32
	EndGlobalSection
	GlobalSection(ProjectConfigurationPlatforms) = postSolution
		{FE47C38A-6C20-41AD-914A-6B9E81DE0D78}.Debug|Win32.ActiveCfg = Debug|Win32
		{FE47C38A-6C20-41AD-914A-6B9E81DE0D78}.Debug|Win32.Build.0 = Debug|Win32
		{FE47C38A-6C20-41AD-914A-6B9E81DE0D78}.Release|Win32.ActiveCfg = Release|Win32
		{FE47C38A-6C20-41AD-914A-6B9E81DE0D78}.Release|Win32.Build.0 = Release|Win32
		{3EA4B4F1-9515-4CD1-B792-29BDCDA54D2E}.Debug|Win32.ActiveCfg = Debug|Win32
		{3EA4B4F1-9515-4CD1-B792-29BDCDA54D2E}.Debug|Win32.Build.0 = Debug|Win32
		{3EA4B4F1-9515-4CD1-B792-29BDCDA54D2E}.Release|Win32.ActiveCfg = Release|Win32
		{3EA4B4F1-9515-4CD1-B792-29BDCDA54D2E}.Release|Win32.Build.0 = Release|Win32
	EndGlobalSection
	GlobalSection(SolutionProperties) = preSolution
		HideSolutionNode = FALSE
	EndGlobalSection
EndGlobal
